
Microsoft Visual Studio Solution File, Format Version 12.00
# Visual Studio Version 17
VisualStudioVersion = 17.11.35208.52
MinimumVisualStudioVersion = 10.0.40219.1
Project("{FAE04EC0-301F-11D3-BF4B-00C04F79EFBC}") = "szovegkezeles", "szovegkezeles\szovegkezeles.csproj", "{59E8EB40-61A2-4EE6-B933-C8183F231D25}"
EndProject
Global
	GlobalSection(SolutionConfigurationPlatforms) = preSolution
		Debug|Any CPU = Debug|Any CPU
		Release|Any CPU = Release|Any CPU
	EndGlobalSection
	GlobalSection(ProjectConfigurationPlatforms) = postSolution
		{59E8EB40-61A2-4EE6-B933-C8183F231D25}.Debug|Any CPU.ActiveCfg = Debug|Any CPU
		{59E8EB40-61A2-4EE6-B933-C8183F231D25}.Debug|Any CPU.Build.0 = Debug|Any CPU
		{59E8EB40-61A2-4EE6-B933-C8183F231D25}.Release|Any CPU.ActiveCfg = Release|Any CPU
		{59E8EB40-61A2-4EE6-B933-C8183F231D25}.Release|Any CPU.Build.0 = Release|Any CPU
	EndGlobalSection
	GlobalSection(SolutionProperties) = preSolution
		HideSolutionNode = FALSE
	EndGlobalSection
	GlobalSection(ExtensibilityGlobals) = postSolution
		SolutionGuid = {4F8A1946-C12D-4C8A-BF95-3FB9F2A7BB24}
	EndGlobalSection
EndGlobal
